
Microsoft Visual Studio Solution File, Format Version 12.00
# Visual Studio Version 18
VisualStudioVersion = 18.8.11918.235
MinimumVisualStudioVersion = 10.0.40219.1
Project("{FAE04EC0-301F-11D3-BF4B-00C04F79EFBC}") = "PgNimbus.Core", "PgNimbus.Core\PgNimbus.Core.csproj", "{7E165D7F-B11E-4691-B7BB-34BE03D35FE4}"
EndProject
Project("{FAE04EC0-301F-11D3-BF4B-00C04F79EFBC}") = "PgNimbus.App", "PgNimbus.App\PgNimbus.App.csproj", "{71A0E9C7-691D-467D-A94B-930E15342B4B}"
EndProject
Project("{2150E333-8FDC-42A3-9474-1A3956D46DE8}") = "Solution Items", "Solution Items", "{93B089B8-1D1D-4DE6-9E14-CAF0F4792C37}"
	ProjectSection(SolutionItems) = preProject
		CLAUDE.md = CLAUDE.md
		LICENSE = LICENSE
		README.md = README.md
	EndProjectSection
EndProject
Project("{FAE04EC0-301F-11D3-BF4B-00C04F79EFBC}") = "PgNimbus.Core.Tests", "PgNimbus.Core.Tests\PgNimbus.Core.Tests.csproj", "{5463A122-B651-48B6-ABA3-7BF061C2E154}"
EndProject
Project("{FAE04EC0-301F-11D3-BF4B-00C04F79EFBC}") = "PgNimbus.Benchmarks", "PgNimbus.Benchmarks\PgNimbus.Benchmarks.csproj", "{671C1AE1-A437-4D8B-A135-DFDDD11DCCFD}"
EndProject
Global
	GlobalSection(SolutionConfigurationPlatforms) = preSolution
		Debug|Any CPU = Debug|Any CPU
		Debug|x64 = Debug|x64
		Debug|x86 = Debug|x86
		Release|Any CPU = Release|Any CPU
		Release|x64 = Release|x64
		Release|x86 = Release|x86
	EndGlobalSection
	GlobalSection(ProjectConfigurationPlatforms) = postSolution
		{7E165D7F-B11E-4691-B7BB-34BE03D35FE4}.Debug|Any CPU.ActiveCfg = Debug|Any CPU
		{7E165D7F-B11E-4691-B7BB-34BE03D35FE4}.Debug|Any CPU.Build.0 = Debug|Any CPU
		{7E165D7F-B11E-4691-B7BB-34BE03D35FE4}.Debug|x64.ActiveCfg = Debug|Any CPU
		{7E165D7F-B11E-4691-B7BB-34BE03D35FE4}.Debug|x64.Build.0 = Debug|Any CPU
		{7E165D7F-B11E-4691-B7BB-34BE03D35FE4}.Debug|x86.ActiveCfg = Debug|Any CPU
		{7E165D7F-B11E-4691-B7BB-34BE03D35FE4}.Debug|x86.Build.0 = Debug|Any CPU
		{7E165D7F-B11E-4691-B7BB-34BE03D35FE4}.Release|Any CPU.ActiveCfg = Release|Any CPU
		{7E165D7F-B11E-4691-B7BB-34BE03D35FE4}.Release|Any CPU.Build.0 = Release|Any CPU
		{7E165D7F-B11E-4691-B7BB-34BE03D35FE4}.Release|x64.ActiveCfg = Release|Any CPU
		{7E165D7F-B11E-4691-B7BB-34BE03D35FE4}.Release|x64.Build.0 = Release|Any CPU
		{7E165D7F-B11E-4691-B7BB-34BE03D35FE4}.Release|x86.ActiveCfg = Release|Any CPU
		{7E165D7F-B11E-4691-B7BB-34BE03D35FE4}.Release|x86.Build.0 = Release|Any CPU
		{71A0E9C7-691D-467D-A94B-930E15342B4B}.Debug|Any CPU.ActiveCfg = Debug|Any CPU
		{71A0E9C7-691D-467D-A94B-930E15342B4B}.Debug|Any CPU.Build.0 = Debug|Any CPU
		{71A0E9C7-691D-467D-A94B-930E15342B4B}.Debug|x64.ActiveCfg = Debug|Any CPU
		{71A0E9C7-691D-467D-A94B-930E15342B4B}.Debug|x64.Build.0 = Debug|Any CPU
		{71A0E9C7-691D-467D-A94B-930E15342B4B}.Debug|x86.ActiveCfg = Debug|Any CPU
		{71A0E9C7-691D-467D-A94B-930E15342B4B}.Debug|x86.Build.0 = Debug|Any CPU
		{71A0E9C7-691D-467D-A94B-930E15342B4B}.Release|Any CPU.ActiveCfg = Release|Any CPU
		{71A0E9C7-691D-467D-A94B-930E15342B4B}.Release|Any CPU.Build.0 = Release|Any CPU
		{71A0E9C7-691D-467D-A94B-930E15342B4B}.Release|x64.ActiveCfg = Release|Any CPU
		{71A0E9C7-691D-467D-A94B-930E15342B4B}.Release|x64.Build.0 = Release|Any CPU
		{71A0E9C7-691D-467D-A94B-930E15342B4B}.Release|x86.ActiveCfg = Release|Any CPU
		{71A0E9C7-691D-467D-A94B-930E15342B4B}.Release|x86.Build.0 = Release|Any CPU
		{5463A122-B651-48B6-ABA3-7BF061C2E154}.Debug|Any CPU.ActiveCfg = Debug|Any CPU
		{5463A122-B651-48B6-ABA3-7BF061C2E154}.Debug|Any CPU.Build.0 = Debug|Any CPU
		{5463A122-B651-48B6-ABA3-7BF061C2E154}.Debug|x64.ActiveCfg = Debug|Any CPU
		{5463A122-B651-48B6-ABA3-7BF061C2E154}.Debug|x64.Build.0 = Debug|Any CPU
		{5463A122-B651-48B6-ABA3-7BF061C2E154}.Debug|x86.ActiveCfg = Debug|Any CPU
		{5463A122-B651-48B6-ABA3-7BF061C2E154}.Debug|x86.Build.0 = Debug|Any CPU
		{5463A122-B651-48B6-ABA3-7BF061C2E154}.Release|Any CPU.ActiveCfg = Release|Any CPU
		{5463A122-B651-48B6-ABA3-7BF061C2E154}.Release|Any CPU.Build.0 = Release|Any CPU
		{5463A122-B651-48B6-ABA3-7BF061C2E154}.Release|x64.ActiveCfg = Release|Any CPU
		{5463A122-B651-48B6-ABA3-7BF061C2E154}.Release|x64.Build.0 = Release|Any CPU
		{5463A122-B651-48B6-ABA3-7BF061C2E154}.Release|x86.ActiveCfg = Release|Any CPU
		{5463A122-B651-48B6-ABA3-7BF061C2E154}.Release|x86.Build.0 = Release|Any CPU
		{671C1AE1-A437-4D8B-A135-DFDDD11DCCFD}.Debug|Any CPU.ActiveCfg = Debug|Any CPU
		{671C1AE1-A437-4D8B-A135-DFDDD11DCCFD}.Debug|Any CPU.Build.0 = Debug|Any CPU
		{671C1AE1-A437-4D8B-A135-DFDDD11DCCFD}.Debug|x64.ActiveCfg = Debug|Any CPU
		{671C1AE1-A437-4D8B-A135-DFDDD11DCCFD}.Debug|x64.Build.0 = Debug|Any CPU
		{671C1AE1-A437-4D8B-A135-DFDDD11DCCFD}.Debug|x86.ActiveCfg = Debug|Any CPU
		{671C1AE1-A437-4D8B-A135-DFDDD11DCCFD}.Debug|x86.Build.0 = Debug|Any CPU
		{671C1AE1-A437-4D8B-A135-DFDDD11DCCFD}.Release|Any CPU.ActiveCfg = Release|Any CPU
		{671C1AE1-A437-4D8B-A135-DFDDD11DCCFD}.Release|Any CPU.Build.0 = Release|Any CPU
		{671C1AE1-A437-4D8B-A135-DFDDD11DCCFD}.Release|x64.ActiveCfg = Release|Any CPU
		{671C1AE1-A437-4D8B-A135-DFDDD11DCCFD}.Release|x64.Build.0 = Release|Any CPU
		{671C1AE1-A437-4D8B-A135-DFDDD11DCCFD}.Release|x86.ActiveCfg = Release|Any CPU
		{671C1AE1-A437-4D8B-A135-DFDDD11DCCFD}.Release|x86.Build.0 = Release|Any CPU
	EndGlobalSection
	GlobalSection(SolutionProperties) = preSolution
		HideSolutionNode = FALSE
	EndGlobalSection
	GlobalSection(ExtensibilityGlobals) = postSolution
		SolutionGuid = {ACEB7290-D228-40A1-93E0-07D995D92097}
	EndGlobalSection
EndGlobal
