<Solution>
  <Configurations>
    <Platform Name="Any CPU" />
    <Platform Name="x64" />
    <Platform Name="x86" />
  </Configurations>
  <Folder Name="/src/">
    <Project Path="src/PgNimbus.App/PgNimbus.App.csproj" />
    <Project Path="src/PgNimbus.Core/PgNimbus.Core.csproj" />
  </Folder>
  <Folder Name="/tests/">
    <Project Path="tests/PgNimbus.App.Tests/PgNimbus.App.Tests.csproj" />
    <Project Path="tests/PgNimbus.Benchmarks/PgNimbus.Benchmarks.csproj" />
    <Project Path="tests/PgNimbus.Core.Tests/PgNimbus.Core.Tests.csproj" />
  </Folder>
  <Folder Name="/tools/">
    <Project Path="tools/CompletionBench/CompletionBench.csproj" />
    <Project Path="tools/Screenshot/Screenshot.csproj" />
  </Folder>
</Solution>
